# This file is generated by running "yarn install" inside your project.
# Manual changes might be lost - proceed with caution!

__metadata:
  version: 4
  cacheKey: 6

"@simple/app@workspace:packages/app":
  version: 0.0.0-use.local
  resolution: "@simple/app@workspace:packages/app"
  dependencies:
    leftpad: ^0.0.1
  languageName: unknown
  linkType: soft

"leftpad@npm:^0.0.1":
  version: 0.0.1
  resolution: "leftpad@npm:0.0.1"
  checksum: 962fb6d061e92e39ebe867566a1a5f77894d092938050d6df3d11805627a5f11d3ec3bcb39236bba383f905561a86ab075d28b75ea9dca37be7d518084f3b940
  languageName: node
  linkType: hard

"simple@workspace:.":
  version: 0.0.0-use.local
  resolution: "simple@workspace:."
  dependenciesMeta:
    leftpad@0.0.1:
      unplugged: true
  languageName: unknown
  linkType: soft
