# This file is generated by running "yarn install" inside your project.
# Manual changes might be lost - proceed with caution!

__metadata:
  version: 4
  cacheKey: 6

"@simple/app@workspace:packages/app":
  version: 0.0.0-use.local
  resolution: "@simple/app@workspace:packages/app"
  dependencies:
    "@types/node": ^14.10.1
    leftpad: ^0.0.1
    typescript: ^4.0.2
  languageName: unknown
  linkType: soft

"@types/node@npm:^14.10.1":
  version: 14.10.1
  resolution: "@types/node@npm:14.10.1"
  checksum: 086b4baffc1f13eee84fb4ff072d685b3fecad59f4166c4367f1ab0db6aa30fc81cf67e6469775072b51126c52bcfec40bae6fafef4e4dc8f4c42f94211e28f4
  languageName: node
  linkType: hard

"leftpad@npm:^0.0.1":
  version: 0.0.1
  resolution: "leftpad@npm:0.0.1"
  checksum: 962fb6d061e92e39ebe867566a1a5f77894d092938050d6df3d11805627a5f11d3ec3bcb39236bba383f905561a86ab075d28b75ea9dca37be7d518084f3b940
  languageName: node
  linkType: hard

"simple@workspace:.":
  version: 0.0.0-use.local
  resolution: "simple@workspace:."
  dependenciesMeta:
    leftpad@0.0.1:
      unplugged: true
  languageName: unknown
  linkType: soft

typescript@^4.0.2:
  version: 4.0.2
  resolution: "typescript@npm:4.0.2"
  bin:
    tsc: bin/tsc
    tsserver: bin/tsserver
  checksum: cc0e7806eee7997a1b4b2990badacc4a8d089893ed0a377f35c9658e2ac392503cb340d0187203ed82e36e427dda94b0fb7107e44a71cca99efac86be26e16ee
  languageName: node
  linkType: hard

"typescript@patch:typescript@^4.0.2#builtin<compat/typescript>":
  version: 4.0.2
  resolution: "typescript@patch:typescript@npm%3A4.0.2#builtin<compat/typescript>::version=4.0.2&hash=5b02a2"
  bin:
    tsc: bin/tsc
    tsserver: bin/tsserver
  checksum: b8b689ef994cce4fe59950d56ddfffce3c4bdda8edb85b72e752d4a6d27bf7df8a318e76ccde25cbe6e642058f2f4ccf47187db4b243bbc98278a2844db9461b
  languageName: node
  linkType: hard
